
Microsoft Visual Studio Solution File, Format Version 12.00
# Visual Studio Version 17
VisualStudioVersion = 17.3.32901.215
MinimumVisualStudioVersion = 10.0.40219.1
Project("{FAE04EC0-301F-11D3-BF4B-00C04F79EFBC}") = "Project Blackjack", "Project Blackjack\Project Blackjack.csproj", "{8D383094-3A9A-4641-AE56-82706411119C}"
EndProject
Global
	GlobalSection(SolutionConfigurationPlatforms) = preSolution
		Debug|Any CPU = Debug|Any CPU
		Release|Any CPU = Release|Any CPU
	EndGlobalSection
	GlobalSection(ProjectConfigurationPlatforms) = postSolution
		{8D383094-3A9A-4641-AE56-82706411119C}.Debug|Any CPU.ActiveCfg = Debug|Any CPU
		{8D383094-3A9A-4641-AE56-82706411119C}.Debug|Any CPU.Build.0 = Debug|Any CPU
		{8D383094-3A9A-4641-AE56-82706411119C}.Release|Any CPU.ActiveCfg = Release|Any CPU
		{8D383094-3A9A-4641-AE56-82706411119C}.Release|Any CPU.Build.0 = Release|Any CPU
	EndGlobalSection
	GlobalSection(SolutionProperties) = preSolution
		HideSolutionNode = FALSE
	EndGlobalSection
	GlobalSection(ExtensibilityGlobals) = postSolution
		SolutionGuid = {74C86C0F-9150-417E-B97E-E706B930EDEA}
	EndGlobalSection
EndGlobal
